// !$*UTF8*$!
{
	archiveVersion = 1;
	classes = {
	};
	objectVersion = 56;
	objects = {

/* Begin PBXBuildFile section */
		F412CAA429D15D1D0034F420 /* AppDelegate.swift in Sources */ = {isa = PBXBuildFile; fileRef = F412CAA329D15D1D0034F420 /* AppDelegate.swift */; };
		F412CAA629D15D1D0034F420 /* SceneDelegate.swift in Sources */ = {isa = PBXBuildFile; fileRef = F412CAA529D15D1D0034F420 /* SceneDelegate.swift */; };
		F412CAA829D15D1D0034F420 /* ViewController.swift in Sources */ = {isa = PBXBuildFile; fileRef = F412CAA729D15D1D0034F420 /* ViewController.swift */; };
		F412CAAB29D15D1D0034F420 /* Main.storyboard in Resources */ = {isa = PBXBuildFile; fileRef = F412CAA929D15D1D0034F420 /* Main.storyboard */; };
		F412CAAD29D15D1D0034F420 /* Assets.xcassets in Resources */ = {isa = PBXBuildFile; fileRef = F412CAAC29D15D1D0034F420 /* Assets.xcassets */; };
		F412CAB029D15D1D0034F420 /* LaunchScreen.storyboard in Resources */ = {isa = PBXBuildFile; fileRef = F412CAAE29D15D1D0034F420 /* LaunchScreen.storyboard */; };
		F437A51D29D404FB004D38C8 /* ID.swift in Sources */ = {isa = PBXBuildFile; fileRef = F437A51C29D404FB004D38C8 /* ID.swift */; };
		F437A51F29D40634004D38C8 /* Point.swift in Sources */ = {isa = PBXBuildFile; fileRef = F437A51E29D40634004D38C8 /* Point.swift */; };
		F437A52129D40710004D38C8 /* Randomizable.swift in Sources */ = {isa = PBXBuildFile; fileRef = F437A52029D40710004D38C8 /* Randomizable.swift */; };
		F437A52329D40826004D38C8 /* Size.swift in Sources */ = {isa = PBXBuildFile; fileRef = F437A52229D40826004D38C8 /* Size.swift */; };
		F437A52529D40883004D38C8 /* Color.swift in Sources */ = {isa = PBXBuildFile; fileRef = F437A52429D40883004D38C8 /* Color.swift */; };
		F437A52729D408D3004D38C8 /* Alpha.swift in Sources */ = {isa = PBXBuildFile; fileRef = F437A52629D408D3004D38C8 /* Alpha.swift */; };
		F437A52929D40B19004D38C8 /* Rectangle.swift in Sources */ = {isa = PBXBuildFile; fileRef = F437A52829D40B19004D38C8 /* Rectangle.swift */; };
		F437A52B29D40BB8004D38C8 /* RectangleFactory.swift in Sources */ = {isa = PBXBuildFile; fileRef = F437A52A29D40BB8004D38C8 /* RectangleFactory.swift */; };
		F437A52D29D40C0A004D38C8 /* RandomRectangleFactory.swift in Sources */ = {isa = PBXBuildFile; fileRef = F437A52C29D40C0A004D38C8 /* RandomRectangleFactory.swift */; };
/* End PBXBuildFile section */

/* Begin PBXFileReference section */
		F412CAA029D15D1D0034F420 /* DrawingApp.app */ = {isa = PBXFileReference; explicitFileType = wrapper.application; includeInIndex = 0; path = DrawingApp.app; sourceTree = BUILT_PRODUCTS_DIR; };
		F412CAA329D15D1D0034F420 /* AppDelegate.swift */ = {isa = PBXFileReference; lastKnownFileType = sourcecode.swift; path = AppDelegate.swift; sourceTree = "<group>"; };
		F412CAA529D15D1D0034F420 /* SceneDelegate.swift */ = {isa = PBXFileReference; lastKnownFileType = sourcecode.swift; path = SceneDelegate.swift; sourceTree = "<group>"; };
		F412CAA729D15D1D0034F420 /* ViewController.swift */ = {isa = PBXFileReference; lastKnownFileType = sourcecode.swift; path = ViewController.swift; sourceTree = "<group>"; };
		F412CAAA29D15D1D0034F420 /* Base */ = {isa = PBXFileReference; lastKnownFileType = file.storyboard; name = Base; path = Base.lproj/Main.storyboard; sourceTree = "<group>"; };
		F412CAAC29D15D1D0034F420 /* Assets.xcassets */ = {isa = PBXFileReference; lastKnownFileType = folder.assetcatalog; path = Assets.xcassets; sourceTree = "<group>"; };
		F412CAAF29D15D1D0034F420 /* Base */ = {isa = PBXFileReference; lastKnownFileType = file.storyboard; name = Base; path = Base.lproj/LaunchScreen.storyboard; sourceTree = "<group>"; };
		F412CAB129D15D1D0034F420 /* Info.plist */ = {isa = PBXFileReference; lastKnownFileType = text.plist.xml; path = Info.plist; sourceTree = "<group>"; };
		F437A51C29D404FB004D38C8 /* ID.swift */ = {isa = PBXFileReference; lastKnownFileType = sourcecode.swift; path = ID.swift; sourceTree = "<group>"; };
		F437A51E29D40634004D38C8 /* Point.swift */ = {isa = PBXFileReference; lastKnownFileType = sourcecode.swift; path = Point.swift; sourceTree = "<group>"; };
		F437A52029D40710004D38C8 /* Randomizable.swift */ = {isa = PBXFileReference; lastKnownFileType = sourcecode.swift; path = Randomizable.swift; sourceTree = "<group>"; };
		F437A52229D40826004D38C8 /* Size.swift */ = {isa = PBXFileReference; lastKnownFileType = sourcecode.swift; path = Size.swift; sourceTree = "<group>"; };
		F437A52429D40883004D38C8 /* Color.swift */ = {isa = PBXFileReference; lastKnownFileType = sourcecode.swift; path = Color.swift; sourceTree = "<group>"; };
		F437A52629D408D3004D38C8 /* Alpha.swift */ = {isa = PBXFileReference; lastKnownFileType = sourcecode.swift; path = Alpha.swift; sourceTree = "<group>"; };
		F437A52829D40B19004D38C8 /* Rectangle.swift */ = {isa = PBXFileReference; lastKnownFileType = sourcecode.swift; path = Rectangle.swift; sourceTree = "<group>"; };
		F437A52A29D40BB8004D38C8 /* RectangleFactory.swift */ = {isa = PBXFileReference; lastKnownFileType = sourcecode.swift; path = RectangleFactory.swift; sourceTree = "<group>"; };
		F437A52C29D40C0A004D38C8 /* RandomRectangleFactory.swift */ = {isa = PBXFileReference; lastKnownFileType = sourcecode.swift; path = RandomRectangleFactory.swift; sourceTree = "<group>"; };
/* End PBXFileReference section */

/* Begin PBXFrameworksBuildPhase section */
		F412CA9D29D15D1D0034F420 /* Frameworks */ = {
			isa = PBXFrameworksBuildPhase;
			buildActionMask = 2147483647;
			files = (
			);
			runOnlyForDeploymentPostprocessing = 0;
		};
/* End PBXFrameworksBuildPhase section */

/* Begin PBXGroup section */
		F412CA9729D15D1D0034F420 = {
			isa = PBXGroup;
			children = (
				F412CAA229D15D1D0034F420 /* DrawingApp */,
				F412CAA129D15D1D0034F420 /* Products */,
			);
			sourceTree = "<group>";
		};
		F412CAA129D15D1D0034F420 /* Products */ = {
			isa = PBXGroup;
			children = (
				F412CAA029D15D1D0034F420 /* DrawingApp.app */,
			);
			name = Products;
			sourceTree = "<group>";
		};
		F412CAA229D15D1D0034F420 /* DrawingApp */ = {
			isa = PBXGroup;
			children = (
				F412CAA329D15D1D0034F420 /* AppDelegate.swift */,
				F412CAA529D15D1D0034F420 /* SceneDelegate.swift */,
				F412CAA729D15D1D0034F420 /* ViewController.swift */,
				F437A52029D40710004D38C8 /* Randomizable.swift */,
				F437A51C29D404FB004D38C8 /* ID.swift */,
				F437A51E29D40634004D38C8 /* Point.swift */,
				F437A52229D40826004D38C8 /* Size.swift */,
				F437A52429D40883004D38C8 /* Color.swift */,
				F437A52629D408D3004D38C8 /* Alpha.swift */,
				F437A52829D40B19004D38C8 /* Rectangle.swift */,
				F437A52A29D40BB8004D38C8 /* RectangleFactory.swift */,
				F437A52C29D40C0A004D38C8 /* RandomRectangleFactory.swift */,
				F412CAA929D15D1D0034F420 /* Main.storyboard */,
				F412CAAC29D15D1D0034F420 /* Assets.xcassets */,
				F412CAAE29D15D1D0034F420 /* LaunchScreen.storyboard */,
				F412CAB129D15D1D0034F420 /* Info.plist */,
			);
			path = DrawingApp;
			sourceTree = "<group>";
		};
/* End PBXGroup section */

/* Begin PBXNativeTarget section */
		F412CA9F29D15D1D0034F420 /* DrawingApp */ = {
			isa = PBXNativeTarget;
			buildConfigurationList = F412CAB429D15D1D0034F420 /* Build configuration list for PBXNativeTarget "DrawingApp" */;
			buildPhases = (
				F412CA9C29D15D1D0034F420 /* Sources */,
				F412CA9D29D15D1D0034F420 /* Frameworks */,
				F412CA9E29D15D1D0034F420 /* Resources */,
			);
			buildRules = (
			);
			dependencies = (
			);
			name = DrawingApp;
			productName = DrawingApp;
			productReference = F412CAA029D15D1D0034F420 /* DrawingApp.app */;
			productType = "com.apple.product-type.application";
		};
/* End PBXNativeTarget section */

/* Begin PBXProject section */
		F412CA9829D15D1D0034F420 /* Project object */ = {
			isa = PBXProject;
			attributes = {
				BuildIndependentTargetsInParallel = 1;
				LastSwiftUpdateCheck = 1410;
				LastUpgradeCheck = 1410;
				TargetAttributes = {
					F412CA9F29D15D1D0034F420 = {
						CreatedOnToolsVersion = 14.1;
					};
				};
			};
			buildConfigurationList = F412CA9B29D15D1D0034F420 /* Build configuration list for PBXProject "DrawingApp" */;
			compatibilityVersion = "Xcode 14.0";
			developmentRegion = en;
			hasScannedForEncodings = 0;
			knownRegions = (
				en,
				Base,
			);
			mainGroup = F412CA9729D15D1D0034F420;
			productRefGroup = F412CAA129D15D1D0034F420 /* Products */;
			projectDirPath = "";
			projectRoot = "";
			targets = (
				F412CA9F29D15D1D0034F420 /* DrawingApp */,
			);
		};
/* End PBXProject section */

/* Begin PBXResourcesBuildPhase section */
		F412CA9E29D15D1D0034F420 /* Resources */ = {
			isa = PBXResourcesBuildPhase;
			buildActionMask = 2147483647;
			files = (
				F412CAB029D15D1D0034F420 /* LaunchScreen.storyboard in Resources */,
				F412CAAD29D15D1D0034F420 /* Assets.xcassets in Resources */,
				F412CAAB29D15D1D0034F420 /* Main.storyboard in Resources */,
			);
			runOnlyForDeploymentPostprocessing = 0;
		};
/* End PBXResourcesBuildPhase section */

/* Begin PBXSourcesBuildPhase section */
		F412CA9C29D15D1D0034F420 /* Sources */ = {
			isa = PBXSourcesBuildPhase;
			buildActionMask = 2147483647;
			files = (
				F437A51D29D404FB004D38C8 /* ID.swift in Sources */,
				F412CAA829D15D1D0034F420 /* ViewController.swift in Sources */,
				F437A52729D408D3004D38C8 /* Alpha.swift in Sources */,
				F437A51F29D40634004D38C8 /* Point.swift in Sources */,
				F437A52129D40710004D38C8 /* Randomizable.swift in Sources */,
				F412CAA429D15D1D0034F420 /* AppDelegate.swift in Sources */,
				F437A52929D40B19004D38C8 /* Rectangle.swift in Sources */,
				F437A52529D40883004D38C8 /* Color.swift in Sources */,
				F437A52B29D40BB8004D38C8 /* RectangleFactory.swift in Sources */,
				F412CAA629D15D1D0034F420 /* SceneDelegate.swift in Sources */,
				F437A52D29D40C0A004D38C8 /* RandomRectangleFactory.swift in Sources */,
				F437A52329D40826004D38C8 /* Size.swift in Sources */,
			);
			runOnlyForDeploymentPostprocessing = 0;
		};
/* End PBXSourcesBuildPhase section */

/* Begin PBXVariantGroup section */
		F412CAA929D15D1D0034F420 /* Main.storyboard */ = {
			isa = PBXVariantGroup;
			children = (
				F412CAAA29D15D1D0034F420 /* Base */,
			);
			name = Main.storyboard;
			sourceTree = "<group>";
		};
		F412CAAE29D15D1D0034F420 /* LaunchScreen.storyboard */ = {
			isa = PBXVariantGroup;
			children = (
				F412CAAF29D15D1D0034F420 /* Base */,
			);
			name = LaunchScreen.storyboard;
			sourceTree = "<group>";
		};
/* End PBXVariantGroup section */

/* Begin XCBuildConfiguration section */
		F412CAB229D15D1D0034F420 /* Debug */ = {
			isa = XCBuildConfiguration;
			buildSettings = {
				ALWAYS_SEARCH_USER_PATHS = NO;
				CLANG_ANALYZER_NONNULL = YES;
				CLANG_ANALYZER_NUMBER_OBJECT_CONVERSION = YES_AGGRESSIVE;
				CLANG_CXX_LANGUAGE_STANDARD = "gnu++20";
				CLANG_ENABLE_MODULES = YES;
				CLANG_ENABLE_OBJC_ARC = YES;
				CLANG_ENABLE_OBJC_WEAK = YES;
				CLANG_WARN_BLOCK_CAPTURE_AUTORELEASING = YES;
				CLANG_WARN_BOOL_CONVERSION = YES;
				CLANG_WARN_COMMA = YES;
				CLANG_WARN_CONSTANT_CONVERSION = YES;
				CLANG_WARN_DEPRECATED_OBJC_IMPLEMENTATIONS = YES;
				CLANG_WARN_DIRECT_OBJC_ISA_USAGE = YES_ERROR;
				CLANG_WARN_DOCUMENTATION_COMMENTS = YES;
				CLANG_WARN_EMPTY_BODY = YES;
				CLANG_WARN_ENUM_CONVERSION = YES;
				CLANG_WARN_INFINITE_RECURSION = YES;
				CLANG_WARN_INT_CONVERSION = YES;
				CLANG_WARN_NON_LITERAL_NULL_CONVERSION = YES;
				CLANG_WARN_OBJC_IMPLICIT_RETAIN_SELF = YES;
				CLANG_WARN_OBJC_LITERAL_CONVERSION = YES;
				CLANG_WARN_OBJC_ROOT_CLASS = YES_ERROR;
				CLANG_WARN_QUOTED_INCLUDE_IN_FRAMEWORK_HEADER = YES;
				CLANG_WARN_RANGE_LOOP_ANALYSIS = YES;
				CLANG_WARN_STRICT_PROTOTYPES = YES;
				CLANG_WARN_SUSPICIOUS_MOVE = YES;
				CLANG_WARN_UNGUARDED_AVAILABILITY = YES_AGGRESSIVE;
				CLANG_WARN_UNREACHABLE_CODE = YES;
				CLANG_WARN__DUPLICATE_METHOD_MATCH = YES;
				COPY_PHASE_STRIP = NO;
				DEBUG_INFORMATION_FORMAT = dwarf;
				ENABLE_STRICT_OBJC_MSGSEND = YES;
				ENABLE_TESTABILITY = YES;
				GCC_C_LANGUAGE_STANDARD = gnu11;
				GCC_DYNAMIC_NO_PIC = NO;
				GCC_NO_COMMON_BLOCKS = YES;
				GCC_OPTIMIZATION_LEVEL = 0;
				GCC_PREPROCESSOR_DEFINITIONS = (
					"DEBUG=1",
					"$(inherited)",
				);
				GCC_WARN_64_TO_32_BIT_CONVERSION = YES;
				GCC_WARN_ABOUT_RETURN_TYPE = YES_ERROR;
				GCC_WARN_UNDECLARED_SELECTOR = YES;
				GCC_WARN_UNINITIALIZED_AUTOS = YES_AGGRESSIVE;
				GCC_WARN_UNUSED_FUNCTION = YES;
				GCC_WARN_UNUSED_VARIABLE = YES;
				INFOPLIST_KEY_UISupportedInterfaceOrientations = "UIInterfaceOrientationLandscapeRight UIInterfaceOrientationLandscapeLeft";
				INFOPLIST_KEY_UISupportedInterfaceOrientations_iPad = "UIInterfaceOrientationLandscapeRight UIInterfaceOrientationLandscapeLeft";
				IPHONEOS_DEPLOYMENT_TARGET = 16.1;
				MTL_ENABLE_DEBUG_INFO = INCLUDE_SOURCE;
				MTL_FAST_MATH = YES;
				ONLY_ACTIVE_ARCH = YES;
				SDKROOT = iphoneos;
				SWIFT_ACTIVE_COMPILATION_CONDITIONS = DEBUG;
				SWIFT_OPTIMIZATION_LEVEL = "-Onone";
				TARGETED_DEVICE_FAMILY = 2;
			};
			name = Debug;
		};
		F412CAB329D15D1D0034F420 /* Release */ = {
			isa = XCBuildConfiguration;
			buildSettings = {
				ALWAYS_SEARCH_USER_PATHS = NO;
				CLANG_ANALYZER_NONNULL = YES;
				CLANG_ANALYZER_NUMBER_OBJECT_CONVERSION = YES_AGGRESSIVE;
				CLANG_CXX_LANGUAGE_STANDARD = "gnu++20";
				CLANG_ENABLE_MODULES = YES;
				CLANG_ENABLE_OBJC_ARC = YES;
				CLANG_ENABLE_OBJC_WEAK = YES;
				CLANG_WARN_BLOCK_CAPTURE_AUTORELEASING = YES;
				CLANG_WARN_BOOL_CONVERSION = YES;
				CLANG_WARN_COMMA = YES;
				CLANG_WARN_CONSTANT_CONVERSION = YES;
				CLANG_WARN_DEPRECATED_OBJC_IMPLEMENTATIONS = YES;
				CLANG_WARN_DIRECT_OBJC_ISA_USAGE = YES_ERROR;
				CLANG_WARN_DOCUMENTATION_COMMENTS = YES;
				CLANG_WARN_EMPTY_BODY = YES;
				CLANG_WARN_ENUM_CONVERSION = YES;
				CLANG_WARN_INFINITE_RECURSION = YES;
				CLANG_WARN_INT_CONVERSION = YES;
				CLANG_WARN_NON_LITERAL_NULL_CONVERSION = YES;
				CLANG_WARN_OBJC_IMPLICIT_RETAIN_SELF = YES;
				CLANG_WARN_OBJC_LITERAL_CONVERSION = YES;
				CLANG_WARN_OBJC_ROOT_CLASS = YES_ERROR;
				CLANG_WARN_QUOTED_INCLUDE_IN_FRAMEWORK_HEADER = YES;
				CLANG_WARN_RANGE_LOOP_ANALYSIS = YES;
				CLANG_WARN_STRICT_PROTOTYPES = YES;
				CLANG_WARN_SUSPICIOUS_MOVE = YES;
				CLANG_WARN_UNGUARDED_AVAILABILITY = YES_AGGRESSIVE;
				CLANG_WARN_UNREACHABLE_CODE = YES;
				CLANG_WARN__DUPLICATE_METHOD_MATCH = YES;
				COPY_PHASE_STRIP = NO;
				DEBUG_INFORMATION_FORMAT = "dwarf-with-dsym";
				ENABLE_NS_ASSERTIONS = NO;
				ENABLE_STRICT_OBJC_MSGSEND = YES;
				GCC_C_LANGUAGE_STANDARD = gnu11;
				GCC_NO_COMMON_BLOCKS = YES;
				GCC_WARN_64_TO_32_BIT_CONVERSION = YES;
				GCC_WARN_ABOUT_RETURN_TYPE = YES_ERROR;
				GCC_WARN_UNDECLARED_SELECTOR = YES;
				GCC_WARN_UNINITIALIZED_AUTOS = YES_AGGRESSIVE;
				GCC_WARN_UNUSED_FUNCTION = YES;
				GCC_WARN_UNUSED_VARIABLE = YES;
				INFOPLIST_KEY_UISupportedInterfaceOrientations = "UIInterfaceOrientationLandscapeRight UIInterfaceOrientationLandscapeLeft";
				INFOPLIST_KEY_UISupportedInterfaceOrientations_iPad = "UIInterfaceOrientationLandscapeRight UIInterfaceOrientationLandscapeLeft";
				IPHONEOS_DEPLOYMENT_TARGET = 16.1;
				MTL_ENABLE_DEBUG_INFO = NO;
				MTL_FAST_MATH = YES;
				SDKROOT = iphoneos;
				SWIFT_COMPILATION_MODE = wholemodule;
				SWIFT_OPTIMIZATION_LEVEL = "-O";
				TARGETED_DEVICE_FAMILY = 2;
				VALIDATE_PRODUCT = YES;
			};
			name = Release;
		};
		F412CAB529D15D1D0034F420 /* Debug */ = {
			isa = XCBuildConfiguration;
			buildSettings = {
				ASSETCATALOG_COMPILER_APPICON_NAME = AppIcon;
				ASSETCATALOG_COMPILER_GLOBAL_ACCENT_COLOR_NAME = AccentColor;
				CODE_SIGN_STYLE = Automatic;
				CURRENT_PROJECT_VERSION = 1;
				DEVELOPMENT_TEAM = Y67S3384LP;
				GENERATE_INFOPLIST_FILE = YES;
				INFOPLIST_FILE = DrawingApp/Info.plist;
				INFOPLIST_KEY_UIApplicationSupportsIndirectInputEvents = YES;
				INFOPLIST_KEY_UILaunchStoryboardName = LaunchScreen;
				INFOPLIST_KEY_UIMainStoryboardFile = Main;
				INFOPLIST_KEY_UISupportedInterfaceOrientations_iPad = "UIInterfaceOrientationLandscapeLeft UIInterfaceOrientationLandscapeRight";
				INFOPLIST_KEY_UISupportedInterfaceOrientations_iPhone = "UIInterfaceOrientationPortrait UIInterfaceOrientationLandscapeLeft UIInterfaceOrientationLandscapeRight";
				LD_RUNPATH_SEARCH_PATHS = (
					"$(inherited)",
					"@executable_path/Frameworks",
				);
				MARKETING_VERSION = 1.0;
				PRODUCT_BUNDLE_IDENTIFIER = com.effiethedev.DrawingApp;
				PRODUCT_NAME = "$(TARGET_NAME)";
				SWIFT_EMIT_LOC_STRINGS = YES;
				SWIFT_VERSION = 5.0;
				TARGETED_DEVICE_FAMILY = 2;
			};
			name = Debug;
		};
		F412CAB629D15D1D0034F420 /* Release */ = {
			isa = XCBuildConfiguration;
			buildSettings = {
				ASSETCATALOG_COMPILER_APPICON_NAME = AppIcon;
				ASSETCATALOG_COMPILER_GLOBAL_ACCENT_COLOR_NAME = AccentColor;
				CODE_SIGN_STYLE = Automatic;
				CURRENT_PROJECT_VERSION = 1;
				DEVELOPMENT_TEAM = Y67S3384LP;
				GENERATE_INFOPLIST_FILE = YES;
				INFOPLIST_FILE = DrawingApp/Info.plist;
				INFOPLIST_KEY_UIApplicationSupportsIndirectInputEvents = YES;
				INFOPLIST_KEY_UILaunchStoryboardName = LaunchScreen;
				INFOPLIST_KEY_UIMainStoryboardFile = Main;
				INFOPLIST_KEY_UISupportedInterfaceOrientations_iPad = "UIInterfaceOrientationLandscapeLeft UIInterfaceOrientationLandscapeRight";
				INFOPLIST_KEY_UISupportedInterfaceOrientations_iPhone = "UIInterfaceOrientationPortrait UIInterfaceOrientationLandscapeLeft UIInterfaceOrientationLandscapeRight";
				LD_RUNPATH_SEARCH_PATHS = (
					"$(inherited)",
					"@executable_path/Frameworks",
				);
				MARKETING_VERSION = 1.0;
				PRODUCT_BUNDLE_IDENTIFIER = com.effiethedev.DrawingApp;
				PRODUCT_NAME = "$(TARGET_NAME)";
				SWIFT_EMIT_LOC_STRINGS = YES;
				SWIFT_VERSION = 5.0;
				TARGETED_DEVICE_FAMILY = 2;
			};
			name = Release;
		};
/* End XCBuildConfiguration section */

/* Begin XCConfigurationList section */
		F412CA9B29D15D1D0034F420 /* Build configuration list for PBXProject "DrawingApp" */ = {
			isa = XCConfigurationList;
			buildConfigurations = (
				F412CAB229D15D1D0034F420 /* Debug */,
				F412CAB329D15D1D0034F420 /* Release */,
			);
			defaultConfigurationIsVisible = 0;
			defaultConfigurationName = Release;
		};
		F412CAB429D15D1D0034F420 /* Build configuration list for PBXNativeTarget "DrawingApp" */ = {
			isa = XCConfigurationList;
			buildConfigurations = (
				F412CAB529D15D1D0034F420 /* Debug */,
				F412CAB629D15D1D0034F420 /* Release */,
			);
			defaultConfigurationIsVisible = 0;
			defaultConfigurationName = Release;
		};
/* End XCConfigurationList section */
	};
	rootObject = F412CA9829D15D1D0034F420 /* Project object */;
}
